{
  "name": "crack-the-code",
  "version": "1.0.0",
  "lockfileVersion": 1,
  "requires": true,
  "dependencies": {
    "css-progress-wizard": {
      "version": "0.0.9",
      "resolved": "https://registry.npmjs.org/css-progress-wizard/-/css-progress-wizard-0.0.9.tgz",
      "integrity": "sha1-bwzGr8MfBO1j2Y3+nF1Eh6CrPPQ="
    },
    "sweetalert2": {
      "version": "8.16.3",
      "resolved": "https://registry.npmjs.org/sweetalert2/-/sweetalert2-8.16.3.tgz",
      "integrity": "sha512-GfnVLht6OJGUcKnrIILaMbjhn2LvFDIG2MchUviWTa0vJCZoX9cfjWyZsOrOh+g/jRN/+D6V8UXXZJ6rRcN82w=="
    }
  }
}
