{
  "name": "crack-the-code",
  "version": "1.0.0",
  "lockfileVersion": 1,
  "requires": true,
  "dependencies": {
    "css-progress-wizard": {
      "version": "0.0.9",
      "resolved": "https://registry.npmjs.org/css-progress-wizard/-/css-progress-wizard-0.0.9.tgz",
      "integrity": "sha1-bwzGr8MfBO1j2Y3+nF1Eh6CrPPQ="
    }
  }
}
